<?xml version="1.0" encoding="utf-8"?>
<Project ToolsVersion="4.0" xmlns="http://schemas.microsoft.com/developer/msbuild/2003">
  <ItemGroup>
    <Filter Include="Source Files">
      <UniqueIdentifier>{4FC737F1-C7A5-4376-A066-2A32D752A2FF}</UniqueIdentifier>
      <Extensions>cpp;c;cc;cxx;def;odl;idl;hpj;bat;asm;asmx</Extensions>
    </Filter>
    <Filter Include="Header Files">
      <UniqueIdentifier>{93995380-89BD-4b04-88EB-625FBE52EBFB}</UniqueIdentifier>
      <Extensions>h;hh;hpp;hxx;hm;inl;inc;xsd</Extensions>
    </Filter>
    <Filter Include="Resource Files">
      <UniqueIdentifier>{67DA6AB6-F800-4c08-8B7A-83BB121AAD01}</UniqueIdentifier>
      <Extensions>rc;ico;cur;bmp;dlg;rc2;rct;bin;rgs;gif;jpg;jpeg;jpe;resx;tiff;tif;png;wav</Extensions>
    </Filter>
    <Filter Include="Resource Files\assets">
      <UniqueIdentifier>{da3cc681-2018-4ab1-aacc-364c4e529eb7}</UniqueIdentifier>
    </Filter>
    <Filter Include="Resource Files\assets\sprites">
      <UniqueIdentifier>{d00e9b54-5ca9-4a84-bead-b726efbd0b45}</UniqueIdentifier>
    </Filter>
    <Filter Include="Source Files\engine">
      <UniqueIdentifier>{40ad8e01-d58a-4c89-940c-cf4b1c739d04}</UniqueIdentifier>
    </Filter>
    <Filter Include="Source Files\engine\animation">
      <UniqueIdentifier>{9ded96b7-954d-441b-8838-183ea1d6e50c}</UniqueIdentifier>
    </Filter>
    <Filter Include="Source Files\engine\world">
      <UniqueIdentifier>{a6cf5258-8e08-4a8a-9bac-9f4837cfd4c7}</UniqueIdentifier>
    </Filter>
    <Filter Include="Source Files\engine\world\components">
      <UniqueIdentifier>{6f6dc56b-02ad-424f-8d3a-49dddf03f41f}</UniqueIdentifier>
    </Filter>
    <Filter Include="Source Files\engine\misc">
      <UniqueIdentifier>{ad123286-ebcf-4da1-aeaf-a4489418fcd8}</UniqueIdentifier>
    </Filter>
    <Filter Include="Source Files\engine\physics">
      <UniqueIdentifier>{ad69a4f1-b636-43ce-9599-d0a8d3b7c872}</UniqueIdentifier>
    </Filter>
    <Filter Include="Source Files\gameobjects">
      <UniqueIdentifier>{8658c77b-155b-447a-9672-eac50d27949e}</UniqueIdentifier>
    </Filter>
    <Filter Include="Source Files\gameobjects\ship">
      <UniqueIdentifier>{33ce3d93-f4ee-4ae0-a849-c0bfbbe46d3c}</UniqueIdentifier>
    </Filter>
    <Filter Include="Source Files\particles">
      <UniqueIdentifier>{3406ba38-7259-4c80-bb89-01e4dbb09e4f}</UniqueIdentifier>
    </Filter>
    <Filter Include="Source Files\scenes">
      <UniqueIdentifier>{9d31f0ae-8d10-4ac9-836f-ca5f284b6add}</UniqueIdentifier>
    </Filter>
    <Filter Include="Source Files\core">
      <UniqueIdentifier>{90f2f246-2d79-4542-bd59-7d4c3fef6291}</UniqueIdentifier>
    </Filter>
    <Filter Include="Source Files\engine\ui">
      <UniqueIdentifier>{2a8b17cb-4f49-4509-9203-db5efb4b4eff}</UniqueIdentifier>
    </Filter>
    <Filter Include="Source Files\engine\animation\strips">
      <UniqueIdentifier>{8bbbadae-1bb5-4abe-bba5-35ce1226f686}</UniqueIdentifier>
    </Filter>
  </ItemGroup>
  <ItemGroup>
    <None Include="README.md">
      <Filter>Resource Files</Filter>
    </None>
  </ItemGroup>
  <ItemGroup>
    <Image Include="assets\sprites\record.png">
      <Filter>Resource Files\assets\sprites</Filter>
    </Image>
    <Image Include="assets\sprites\shield.png">
      <Filter>Resource Files\assets\sprites</Filter>
    </Image>
    <Image Include="assets\sprites\ship.png">
      <Filter>Resource Files\assets\sprites</Filter>
    </Image>
    <Image Include="assets\sprites\shot.png">
      <Filter>Resource Files\assets\sprites</Filter>
    </Image>
  </ItemGroup>
  <ItemGroup>
    <Text Include="bugs.txt">
      <Filter>Resource Files\assets</Filter>
    </Text>
  </ItemGroup>
  <ItemGroup>
    <ClInclude Include="src\engine\Animation.h">
      <Filter>Source Files\engine</Filter>
    </ClInclude>
    <ClInclude Include="src\engine\Assets.h">
      <Filter>Source Files\engine</Filter>
    </ClInclude>
    <ClInclude Include="src\engine\Global.h">
      <Filter>Source Files\engine</Filter>
    </ClInclude>
    <ClInclude Include="src\engine\Lerp.h">
      <Filter>Source Files\engine</Filter>
    </ClInclude>
    <ClInclude Include="src\engine\olcPixelGameEngine.h">
      <Filter>Source Files\engine</Filter>
    </ClInclude>
    <ClInclude Include="src\engine\SpriteSheet.h">
      <Filter>Source Files\engine</Filter>
    </ClInclude>
    <ClInclude Include="src\engine\World.h">
      <Filter>Source Files\engine</Filter>
    </ClInclude>
    <ClInclude Include="src\engine\animation\Strip.h">
      <Filter>Source Files\engine\animation</Filter>
    </ClInclude>
    <ClInclude Include="src\engine\animation\Timeline.h">
      <Filter>Source Files\engine\animation</Filter>
    </ClInclude>
    <ClInclude Include="src\engine\world\Object.h">
      <Filter>Source Files\engine\world</Filter>
    </ClInclude>
    <ClInclude Include="src\engine\world\engine.h">
      <Filter>Source Files\engine\world</Filter>
    </ClInclude>
    <ClInclude Include="src\engine\world\components\Drawable.h">
      <Filter>Source Files\engine\world\components</Filter>
    </ClInclude>
    <ClInclude Include="src\engine\world\components\Updateable.h">
      <Filter>Source Files\engine\world\components</Filter>
    </ClInclude>
    <ClInclude Include="src\engine\world\World.h">
      <Filter>Source Files\engine\world</Filter>
    </ClInclude>
    <ClInclude Include="src\gameobject_components.hpp">
      <Filter>Header Files</Filter>
    </ClInclude>
    <ClInclude Include="src\gameobject_attributes.hpp">
      <Filter>Header Files</Filter>
    </ClInclude>
    <ClInclude Include="src\gamecomponents.h">
      <Filter>Source Files</Filter>
    </ClInclude>
    <ClInclude Include="src\engine\physics\Collision.h">
      <Filter>Source Files\engine\physics</Filter>
    </ClInclude>
    <ClInclude Include="src\gameobjects\ship.h">
      <Filter>Source Files\gameobjects</Filter>
    </ClInclude>
    <ClInclude Include="src\gameobjects\bullet.h">
      <Filter>Source Files\gameobjects</Filter>
    </ClInclude>
    <ClInclude Include="src\global.hpp">
      <Filter>Header Files</Filter>
    </ClInclude>
    <ClInclude Include="src\assets_list.hpp">
      <Filter>Header Files</Filter>
    </ClInclude>
    <ClInclude Include="src\engine\Transform.h">
      <Filter>Source Files\engine</Filter>
    </ClInclude>
    <ClInclude Include="src\spaceobj.h">
      <Filter>Source Files</Filter>
    </ClInclude>
    <ClInclude Include="src\wraparoundrenderer.h">
      <Filter>Source Files</Filter>
    </ClInclude>
    <ClInclude Include="src\gameobjects\ship\ship_component.h">
      <Filter>Source Files\gameobjects\ship</Filter>
    </ClInclude>
    <ClInclude Include="src\gameobjects\ship\shipengine.h">
      <Filter>Source Files\gameobjects\ship</Filter>
    </ClInclude>
    <ClInclude Include="src\gameobjects\ship\shipstats.h">
      <Filter>Source Files\gameobjects\ship</Filter>
    </ClInclude>
    <ClInclude Include="src\gameobjects\ship\shipupgrade.h">
      <Filter>Source Files\gameobjects\ship</Filter>
    </ClInclude>
    <ClInclude Include="src\gameobjects\ship\shipupgrade_cannon.h">
      <Filter>Source Files\gameobjects\ship</Filter>
    </ClInclude>
    <ClInclude Include="src\gameobjects\ship\shipupgrade_shield.h">
      <Filter>Source Files\gameobjects\ship</Filter>
    </ClInclude>
    <ClInclude Include="src\gameobjects\ship\shipupgrade_shieldgenerator.h">
      <Filter>Source Files\gameobjects\ship</Filter>
    </ClInclude>
    <ClInclude Include="src\gameobjects\asteroids.h">
      <Filter>Source Files\gameobjects</Filter>
    </ClInclude>
    <ClInclude Include="src\gameobjects\bullet_modifier.h">
      <Filter>Source Files\gameobjects</Filter>
    </ClInclude>
    <ClInclude Include="src\gameobjects\scorepopup.h">
      <Filter>Source Files\gameobjects</Filter>
    </ClInclude>
    <ClInclude Include="src\particles\asteroid_particles.h">
      <Filter>Source Files\particles</Filter>
    </ClInclude>
    <ClInclude Include="src\particles\ship_explosion.h">
      <Filter>Source Files\particles</Filter>
    </ClInclude>
    <ClInclude Include="src\particles\spaceobj_emitter.h">
      <Filter>Source Files\particles</Filter>
    </ClInclude>
    <ClInclude Include="src\particles\sprite_dissolve.h">
      <Filter>Source Files\particles</Filter>
    </ClInclude>
    <ClInclude Include="src\engine\Macros.h">
      <Filter>Source Files\engine</Filter>
    </ClInclude>
    <ClInclude Include="src\scenes\pausescreen.h">
      <Filter>Source Files\scenes</Filter>
    </ClInclude>
    <ClInclude Include="src\scenes\maingame.h">
      <Filter>Source Files\scenes</Filter>
    </ClInclude>
    <ClInclude Include="src\scenes\titlescreen.h">
      <Filter>Source Files\scenes</Filter>
    </ClInclude>
    <ClInclude Include="src\scenes\loadscreen.h">
      <Filter>Source Files\scenes</Filter>
    </ClInclude>
    <ClInclude Include="src\scenes\soundtest.h">
      <Filter>Source Files\scenes</Filter>
    </ClInclude>
    <ClInclude Include="src\scenes\textscene.h">
      <Filter>Source Files\scenes</Filter>
    </ClInclude>
    <ClInclude Include="src\scenes\gameoverscreen.h">
      <Filter>Source Files\scenes</Filter>
    </ClInclude>
    <ClInclude Include="src\scenes\upgradescreen.h">
      <Filter>Source Files\scenes</Filter>
    </ClInclude>
    <ClInclude Include="src\core\DebugOverlay.h">
      <Filter>Source Files\core</Filter>
    </ClInclude>
    <ClInclude Include="src\particles.h">
      <Filter>Source Files</Filter>
    </ClInclude>
    <ClInclude Include="src\engine\UI.h">
      <Filter>Source Files\engine</Filter>
    </ClInclude>
    <ClInclude Include="src\engine\ui\TextMenu.h">
      <Filter>Source Files\engine\ui</Filter>
    </ClInclude>
    <ClInclude Include="src\engine\Engine.h">
      <Filter>Source Files\engine</Filter>
    </ClInclude>
    <ClInclude Include="src\engine\Scene.h">
      <Filter>Source Files\engine</Filter>
    </ClInclude>
    <ClInclude Include="src\engine\misc\global.hpp">
      <Filter>Source Files\engine\misc</Filter>
    </ClInclude>
    <ClInclude Include="src\engine\Input.h">
      <Filter>Source Files\engine</Filter>
    </ClInclude>
    <ClInclude Include="src\config.h">
      <Filter>Source Files</Filter>
    </ClInclude>
    <ClInclude Include="src\engine\animation\strips\LerpStrip.h">
      <Filter>Source Files\engine\animation\strips</Filter>
    </ClInclude>
    <ClInclude Include="src\engine\animation\strips\SpriteSheetStrip.h">
      <Filter>Source Files\engine\animation\strips</Filter>
    </ClInclude>
    <ClInclude Include="src\engine\animation\strips\TextStrip.h">
      <Filter>Source Files\engine\animation\strips</Filter>
    </ClInclude>
  </ItemGroup>
  <ItemGroup>
    <ClCompile Include="src\engine\animation\animation.cpp">
      <Filter>Source Files\engine\animation</Filter>
    </ClCompile>
    <ClCompile Include="src\engine\world\world.cpp">
      <Filter>Source Files\engine\world</Filter>
    </ClCompile>
    <ClCompile Include="src\engine\misc\pge_module.cpp">
      <Filter>Source Files\engine\misc</Filter>
    </ClCompile>
    <ClCompile Include="src\engine\misc\SpriteSheet.cpp">
      <Filter>Source Files\engine\misc</Filter>
    </ClCompile>
    <ClCompile Include="src\engine\misc\Assets.cpp">
      <Filter>Source Files\engine\misc</Filter>
    </ClCompile>
    <ClCompile Include="src\engine\physics\physics.cpp">
      <Filter>Source Files\engine\physics</Filter>
    </ClCompile>
    <ClCompile Include="src\gameobjects\ship.cpp">
      <Filter>Source Files\gameobjects</Filter>
    </ClCompile>
    <ClCompile Include="src\gameobjects\bullet.cpp">
      <Filter>Source Files\gameobjects</Filter>
    </ClCompile>
    <ClCompile Include="src\main.cpp">
      <Filter>Source Files</Filter>
    </ClCompile>
    <ClCompile Include="src\engine\misc\transform.cpp">
      <Filter>Source Files\engine\misc</Filter>
    </ClCompile>
    <ClCompile Include="src\spaceobj.cpp">
      <Filter>Source Files</Filter>
    </ClCompile>
    <ClCompile Include="src\wraparoundrenderer.cpp">
      <Filter>Source Files</Filter>
    </ClCompile>
    <ClCompile Include="src\gameobjects\ship\shipengine.cpp">
      <Filter>Source Files\gameobjects\ship</Filter>
    </ClCompile>
    <ClCompile Include="src\gameobjects\ship\shipstats.cpp">
      <Filter>Source Files\gameobjects\ship</Filter>
    </ClCompile>
    <ClCompile Include="src\gameobjects\ship\shipupgrade_cannon.cpp">
      <Filter>Source Files\gameobjects\ship</Filter>
    </ClCompile>
    <ClCompile Include="src\gameobjects\ship\shipupgrade_shield.cpp">
      <Filter>Source Files\gameobjects\ship</Filter>
    </ClCompile>
    <ClCompile Include="src\gameobjects\ship\shipupgrade_shieldgenerator.cpp">
      <Filter>Source Files\gameobjects\ship</Filter>
    </ClCompile>
    <ClCompile Include="src\gameobjects\asteroids.cpp">
      <Filter>Source Files\gameobjects</Filter>
    </ClCompile>
    <ClCompile Include="src\gameobjects\scorepopup.cpp">
      <Filter>Source Files\gameobjects</Filter>
    </ClCompile>
    <ClCompile Include="src\particles\asteroid_particles.cpp">
      <Filter>Source Files\particles</Filter>
    </ClCompile>
    <ClCompile Include="src\particles\ship_explosion.cpp">
      <Filter>Source Files\particles</Filter>
    </ClCompile>
    <ClCompile Include="src\particles\sprite_dissolve.cpp">
      <Filter>Source Files\particles</Filter>
    </ClCompile>
    <ClCompile Include="src\scenes\gameoverscreen.cpp">
      <Filter>Source Files\scenes</Filter>
    </ClCompile>
    <ClCompile Include="src\scenes\titlescreen.cpp">
      <Filter>Source Files\scenes</Filter>
    </ClCompile>
    <ClCompile Include="src\scenes\loadscreen.cpp">
      <Filter>Source Files\scenes</Filter>
    </ClCompile>
    <ClCompile Include="src\scenes\pausescreen.cpp">
      <Filter>Source Files\scenes</Filter>
    </ClCompile>
    <ClCompile Include="src\scenes\maingame.cpp">
      <Filter>Source Files\scenes</Filter>
    </ClCompile>
    <ClCompile Include="src\scenes\upgradescreen.cpp">
      <Filter>Source Files\scenes</Filter>
    </ClCompile>
    <ClCompile Include="src\scenes\textscene.cpp">
      <Filter>Source Files\scenes</Filter>
    </ClCompile>
    <ClCompile Include="src\scenes\soundtest.cpp">
      <Filter>Source Files\scenes</Filter>
    </ClCompile>
    <ClCompile Include="src\core\config.cpp">
      <Filter>Source Files\core</Filter>
    </ClCompile>
    <ClCompile Include="src\core\DebugOverlay.cpp">
      <Filter>Source Files\core</Filter>
    </ClCompile>
    <ClCompile Include="src\engine\ui\ui.cpp">
      <Filter>Source Files\engine\ui</Filter>
    </ClCompile>
    <ClCompile Include="src\engine\misc\Scene.cpp">
      <Filter>Source Files\engine\misc</Filter>
    </ClCompile>
    <ClCompile Include="src\engine\misc\Input.cpp">
      <Filter>Source Files\engine\misc</Filter>
    </ClCompile>
    <ClCompile Include="src\engine\misc\Game.cpp">
      <Filter>Source Files\engine\misc</Filter>
    </ClCompile>
    <ClCompile Include="src\engine\animation\strips\strips.cpp">
      <Filter>Source Files\engine\animation\strips</Filter>
    </ClCompile>
  </ItemGroup>
</Project>